
Microsoft Visual Studio Solution File, Format Version 12.00
# Visual Studio 15
VisualStudioVersion = 15.0.27703.2035
MinimumVisualStudioVersion = 10.0.40219.1
Project("{8BC9CEB8-8B4A-11D0-8D11-00A0C91BC942}") = "Pprobando", "Pprobando\Pprobando.vcxproj", "{8737AEDF-09AF-4D56-8308-9CB4B1B6E7FB}"
EndProject
Global
	GlobalSection(SolutionConfigurationPlatforms) = preSolution
		Debug|x64 = Debug|x64
		Debug|x86 = Debug|x86
		Release|x64 = Release|x64
		Release|x86 = Release|x86
	EndGlobalSection
	GlobalSection(ProjectConfigurationPlatforms) = postSolution
		{8737AEDF-09AF-4D56-8308-9CB4B1B6E7FB}.Debug|x64.ActiveCfg = Debug|x64
		{8737AEDF-09AF-4D56-8308-9CB4B1B6E7FB}.Debug|x64.Build.0 = Debug|x64
		{8737AEDF-09AF-4D56-8308-9CB4B1B6E7FB}.Debug|x86.ActiveCfg = Debug|Win32
		{8737AEDF-09AF-4D56-8308-9CB4B1B6E7FB}.Debug|x86.Build.0 = Debug|Win32
		{8737AEDF-09AF-4D56-8308-9CB4B1B6E7FB}.Release|x64.ActiveCfg = Release|x64
		{8737AEDF-09AF-4D56-8308-9CB4B1B6E7FB}.Release|x64.Build.0 = Release|x64
		{8737AEDF-09AF-4D56-8308-9CB4B1B6E7FB}.Release|x86.ActiveCfg = Release|Win32
		{8737AEDF-09AF-4D56-8308-9CB4B1B6E7FB}.Release|x86.Build.0 = Release|Win32
	EndGlobalSection
	GlobalSection(SolutionProperties) = preSolution
		HideSolutionNode = FALSE
	EndGlobalSection
	GlobalSection(ExtensibilityGlobals) = postSolution
		SolutionGuid = {CEF3EDD0-EED7-41F8-8D8E-75A3BE2700D4}
	EndGlobalSection
EndGlobal
