
Microsoft Visual Studio Solution File, Format Version 12.00
# Visual Studio 15
VisualStudioVersion = 15.0.27703.2035
MinimumVisualStudioVersion = 10.0.40219.1
Project("{8BC9CEB8-8B4A-11D0-8D11-00A0C91BC942}") = "Suma de enteros", "Suma de enteros\Suma de enteros.vcxproj", "{51EB6A28-D13D-4391-8918-068A6E2FE034}"
EndProject
Global
	GlobalSection(SolutionConfigurationPlatforms) = preSolution
		Debug|x64 = Debug|x64
		Debug|x86 = Debug|x86
		Release|x64 = Release|x64
		Release|x86 = Release|x86
	EndGlobalSection
	GlobalSection(ProjectConfigurationPlatforms) = postSolution
		{51EB6A28-D13D-4391-8918-068A6E2FE034}.Debug|x64.ActiveCfg = Debug|x64
		{51EB6A28-D13D-4391-8918-068A6E2FE034}.Debug|x64.Build.0 = Debug|x64
		{51EB6A28-D13D-4391-8918-068A6E2FE034}.Debug|x86.ActiveCfg = Debug|Win32
		{51EB6A28-D13D-4391-8918-068A6E2FE034}.Debug|x86.Build.0 = Debug|Win32
		{51EB6A28-D13D-4391-8918-068A6E2FE034}.Release|x64.ActiveCfg = Release|x64
		{51EB6A28-D13D-4391-8918-068A6E2FE034}.Release|x64.Build.0 = Release|x64
		{51EB6A28-D13D-4391-8918-068A6E2FE034}.Release|x86.ActiveCfg = Release|Win32
		{51EB6A28-D13D-4391-8918-068A6E2FE034}.Release|x86.Build.0 = Release|Win32
	EndGlobalSection
	GlobalSection(SolutionProperties) = preSolution
		HideSolutionNode = FALSE
	EndGlobalSection
	GlobalSection(ExtensibilityGlobals) = postSolution
		SolutionGuid = {EBC49BF5-4F56-4313-ACED-7E6B34DE3906}
	EndGlobalSection
EndGlobal
