
Microsoft Visual Studio Solution File, Format Version 12.00
# Visual Studio 15
VisualStudioVersion = 15.0.27703.2035
MinimumVisualStudioVersion = 10.0.40219.1
Project("{8BC9CEB8-8B4A-11D0-8D11-00A0C91BC942}") = "SETENCIA IF", "SETENCIA IF\SETENCIA IF.vcxproj", "{678D4263-56AC-47D1-96BC-D8635092E63C}"
EndProject
Global
	GlobalSection(SolutionConfigurationPlatforms) = preSolution
		Debug|x64 = Debug|x64
		Debug|x86 = Debug|x86
		Release|x64 = Release|x64
		Release|x86 = Release|x86
	EndGlobalSection
	GlobalSection(ProjectConfigurationPlatforms) = postSolution
		{678D4263-56AC-47D1-96BC-D8635092E63C}.Debug|x64.ActiveCfg = Debug|x64
		{678D4263-56AC-47D1-96BC-D8635092E63C}.Debug|x64.Build.0 = Debug|x64
		{678D4263-56AC-47D1-96BC-D8635092E63C}.Debug|x86.ActiveCfg = Debug|Win32
		{678D4263-56AC-47D1-96BC-D8635092E63C}.Debug|x86.Build.0 = Debug|Win32
		{678D4263-56AC-47D1-96BC-D8635092E63C}.Release|x64.ActiveCfg = Release|x64
		{678D4263-56AC-47D1-96BC-D8635092E63C}.Release|x64.Build.0 = Release|x64
		{678D4263-56AC-47D1-96BC-D8635092E63C}.Release|x86.ActiveCfg = Release|Win32
		{678D4263-56AC-47D1-96BC-D8635092E63C}.Release|x86.Build.0 = Release|Win32
	EndGlobalSection
	GlobalSection(SolutionProperties) = preSolution
		HideSolutionNode = FALSE
	EndGlobalSection
	GlobalSection(ExtensibilityGlobals) = postSolution
		SolutionGuid = {1206748F-38D9-4630-B9C4-1642018E94CB}
	EndGlobalSection
EndGlobal
